
Microsoft Visual Studio Solution File, Format Version 12.00
# Visual Studio 14
VisualStudioVersion = 14.0.25123.0
MinimumVisualStudioVersion = 10.0.40219.1
Project("{FAE04EC0-301F-11D3-BF4B-00C04F79EFBC}") = "StateMachineBuddy.DesktopGL", "StateMachineBuddy.DesktopGL\StateMachineBuddy.DesktopGL.csproj", "{C3B7AAF8-7052-4898-902B-52F126EDF96A}"
EndProject
Project("{FAE04EC0-301F-11D3-BF4B-00C04F79EFBC}") = "StateMachineBuddy.Android", "StateMachineBuddy.Android\StateMachineBuddy.Android.csproj", "{19DA06E2-72B2-4B45-92D9-DC5CD396B884}"
EndProject
Project("{FAE04EC0-301F-11D3-BF4B-00C04F79EFBC}") = "StateMachineBuddy.iOS", "StateMachineBuddy.iOS\StateMachineBuddy.iOS.csproj", "{B1731281-2433-4943-A507-E7E3F973B03A}"
EndProject
Project("{FAE04EC0-301F-11D3-BF4B-00C04F79EFBC}") = "StateMachineBuddy.Tests", "StateMachineBuddy.Tests\StateMachineBuddy.Tests.csproj", "{189535E3-A82F-4F0B-BB17-D358AF64F8D8}"
EndProject
Project("{FAE04EC0-301F-11D3-BF4B-00C04F79EFBC}") = "StateMachineBuddy.WindowsUniversal", "StateMachineBuddy.WindowsUniversal\StateMachineBuddy.WindowsUniversal.csproj", "{0E705E69-4900-47DF-8228-AA60ED31BD11}"
EndProject
Project("{2150E333-8FDC-42A3-9474-1A3956D46DE8}") = "Solution Items", "Solution Items", "{D19BDF03-E3D4-429D-9FE2-B2ABD485956E}"
	ProjectSection(SolutionItems) = preProject
		buildNugetPackages.ps1 = buildNugetPackages.ps1
		StateMachineBuddy.nuspec = StateMachineBuddy.nuspec
	EndProjectSection
EndProject
Global
	GlobalSection(SolutionConfigurationPlatforms) = preSolution
		AppStore|Any CPU = AppStore|Any CPU
		AppStore|ARM = AppStore|ARM
		AppStore|x64 = AppStore|x64
		AppStore|x86 = AppStore|x86
		Debug|Any CPU = Debug|Any CPU
		Debug|ARM = Debug|ARM
		Debug|x64 = Debug|x64
		Debug|x86 = Debug|x86
		Release|Any CPU = Release|Any CPU
		Release|ARM = Release|ARM
		Release|x64 = Release|x64
		Release|x86 = Release|x86
	EndGlobalSection
	GlobalSection(ProjectConfigurationPlatforms) = postSolution
		{C3B7AAF8-7052-4898-902B-52F126EDF96A}.AppStore|Any CPU.ActiveCfg = Release|Any CPU
		{C3B7AAF8-7052-4898-902B-52F126EDF96A}.AppStore|Any CPU.Build.0 = Release|Any CPU
		{C3B7AAF8-7052-4898-902B-52F126EDF96A}.AppStore|ARM.ActiveCfg = Debug|Any CPU
		{C3B7AAF8-7052-4898-902B-52F126EDF96A}.AppStore|ARM.Build.0 = Debug|Any CPU
		{C3B7AAF8-7052-4898-902B-52F126EDF96A}.AppStore|x64.ActiveCfg = Debug|Any CPU
		{C3B7AAF8-7052-4898-902B-52F126EDF96A}.AppStore|x64.Build.0 = Debug|Any CPU
		{C3B7AAF8-7052-4898-902B-52F126EDF96A}.AppStore|x86.ActiveCfg = Debug|Any CPU
		{C3B7AAF8-7052-4898-902B-52F126EDF96A}.AppStore|x86.Build.0 = Debug|Any CPU
		{C3B7AAF8-7052-4898-902B-52F126EDF96A}.Debug|Any CPU.ActiveCfg = Debug|Any CPU
		{C3B7AAF8-7052-4898-902B-52F126EDF96A}.Debug|Any CPU.Build.0 = Debug|Any CPU
		{C3B7AAF8-7052-4898-902B-52F126EDF96A}.Debug|ARM.ActiveCfg = Debug|Any CPU
		{C3B7AAF8-7052-4898-902B-52F126EDF96A}.Debug|ARM.Build.0 = Debug|Any CPU
		{C3B7AAF8-7052-4898-902B-52F126EDF96A}.Debug|x64.ActiveCfg = Debug|Any CPU
		{C3B7AAF8-7052-4898-902B-52F126EDF96A}.Debug|x64.Build.0 = Debug|Any CPU
		{C3B7AAF8-7052-4898-902B-52F126EDF96A}.Debug|x86.ActiveCfg = Debug|Any CPU
		{C3B7AAF8-7052-4898-902B-52F126EDF96A}.Debug|x86.Build.0 = Debug|Any CPU
		{C3B7AAF8-7052-4898-902B-52F126EDF96A}.Release|Any CPU.ActiveCfg = Release|Any CPU
		{C3B7AAF8-7052-4898-902B-52F126EDF96A}.Release|Any CPU.Build.0 = Release|Any CPU
		{C3B7AAF8-7052-4898-902B-52F126EDF96A}.Release|ARM.ActiveCfg = Release|Any CPU
		{C3B7AAF8-7052-4898-902B-52F126EDF96A}.Release|ARM.Build.0 = Release|Any CPU
		{C3B7AAF8-7052-4898-902B-52F126EDF96A}.Release|x64.ActiveCfg = Release|Any CPU
		{C3B7AAF8-7052-4898-902B-52F126EDF96A}.Release|x64.Build.0 = Release|Any CPU
		{C3B7AAF8-7052-4898-902B-52F126EDF96A}.Release|x86.ActiveCfg = Release|Any CPU
		{C3B7AAF8-7052-4898-902B-52F126EDF96A}.Release|x86.Build.0 = Release|Any CPU
		{19DA06E2-72B2-4B45-92D9-DC5CD396B884}.AppStore|Any CPU.ActiveCfg = Release|Any CPU
		{19DA06E2-72B2-4B45-92D9-DC5CD396B884}.AppStore|Any CPU.Build.0 = Release|Any CPU
		{19DA06E2-72B2-4B45-92D9-DC5CD396B884}.AppStore|ARM.ActiveCfg = Debug|Any CPU
		{19DA06E2-72B2-4B45-92D9-DC5CD396B884}.AppStore|ARM.Build.0 = Debug|Any CPU
		{19DA06E2-72B2-4B45-92D9-DC5CD396B884}.AppStore|x64.ActiveCfg = Debug|Any CPU
		{19DA06E2-72B2-4B45-92D9-DC5CD396B884}.AppStore|x64.Build.0 = Debug|Any CPU
		{19DA06E2-72B2-4B45-92D9-DC5CD396B884}.AppStore|x86.ActiveCfg = Debug|Any CPU
		{19DA06E2-72B2-4B45-92D9-DC5CD396B884}.AppStore|x86.Build.0 = Debug|Any CPU
		{19DA06E2-72B2-4B45-92D9-DC5CD396B884}.Debug|Any CPU.ActiveCfg = Debug|Any CPU
		{19DA06E2-72B2-4B45-92D9-DC5CD396B884}.Debug|Any CPU.Build.0 = Debug|Any CPU
		{19DA06E2-72B2-4B45-92D9-DC5CD396B884}.Debug|ARM.ActiveCfg = Debug|Any CPU
		{19DA06E2-72B2-4B45-92D9-DC5CD396B884}.Debug|ARM.Build.0 = Debug|Any CPU
		{19DA06E2-72B2-4B45-92D9-DC5CD396B884}.Debug|x64.ActiveCfg = Debug|Any CPU
		{19DA06E2-72B2-4B45-92D9-DC5CD396B884}.Debug|x64.Build.0 = Debug|Any CPU
		{19DA06E2-72B2-4B45-92D9-DC5CD396B884}.Debug|x86.ActiveCfg = Debug|Any CPU
		{19DA06E2-72B2-4B45-92D9-DC5CD396B884}.Debug|x86.Build.0 = Debug|Any CPU
		{19DA06E2-72B2-4B45-92D9-DC5CD396B884}.Release|Any CPU.ActiveCfg = Release|Any CPU
		{19DA06E2-72B2-4B45-92D9-DC5CD396B884}.Release|Any CPU.Build.0 = Release|Any CPU
		{19DA06E2-72B2-4B45-92D9-DC5CD396B884}.Release|ARM.ActiveCfg = Release|Any CPU
		{19DA06E2-72B2-4B45-92D9-DC5CD396B884}.Release|ARM.Build.0 = Release|Any CPU
		{19DA06E2-72B2-4B45-92D9-DC5CD396B884}.Release|x64.ActiveCfg = Release|Any CPU
		{19DA06E2-72B2-4B45-92D9-DC5CD396B884}.Release|x64.Build.0 = Release|Any CPU
		{19DA06E2-72B2-4B45-92D9-DC5CD396B884}.Release|x86.ActiveCfg = Release|Any CPU
		{19DA06E2-72B2-4B45-92D9-DC5CD396B884}.Release|x86.Build.0 = Release|Any CPU
		{B1731281-2433-4943-A507-E7E3F973B03A}.AppStore|Any CPU.ActiveCfg = AppStore|Any CPU
		{B1731281-2433-4943-A507-E7E3F973B03A}.AppStore|Any CPU.Build.0 = AppStore|Any CPU
		{B1731281-2433-4943-A507-E7E3F973B03A}.AppStore|ARM.ActiveCfg = AppStore|Any CPU
		{B1731281-2433-4943-A507-E7E3F973B03A}.AppStore|ARM.Build.0 = AppStore|Any CPU
		{B1731281-2433-4943-A507-E7E3F973B03A}.AppStore|x64.ActiveCfg = AppStore|Any CPU
		{B1731281-2433-4943-A507-E7E3F973B03A}.AppStore|x64.Build.0 = AppStore|Any CPU
		{B1731281-2433-4943-A507-E7E3F973B03A}.AppStore|x86.ActiveCfg = AppStore|Any CPU
		{B1731281-2433-4943-A507-E7E3F973B03A}.AppStore|x86.Build.0 = AppStore|Any CPU
		{B1731281-2433-4943-A507-E7E3F973B03A}.Debug|Any CPU.ActiveCfg = Debug|Any CPU
		{B1731281-2433-4943-A507-E7E3F973B03A}.Debug|Any CPU.Build.0 = Debug|Any CPU
		{B1731281-2433-4943-A507-E7E3F973B03A}.Debug|ARM.ActiveCfg = Debug|Any CPU
		{B1731281-2433-4943-A507-E7E3F973B03A}.Debug|ARM.Build.0 = Debug|Any CPU
		{B1731281-2433-4943-A507-E7E3F973B03A}.Debug|x64.ActiveCfg = Debug|Any CPU
		{B1731281-2433-4943-A507-E7E3F973B03A}.Debug|x64.Build.0 = Debug|Any CPU
		{B1731281-2433-4943-A507-E7E3F973B03A}.Debug|x86.ActiveCfg = Debug|Any CPU
		{B1731281-2433-4943-A507-E7E3F973B03A}.Debug|x86.Build.0 = Debug|Any CPU
		{B1731281-2433-4943-A507-E7E3F973B03A}.Release|Any CPU.ActiveCfg = Release|Any CPU
		{B1731281-2433-4943-A507-E7E3F973B03A}.Release|Any CPU.Build.0 = Release|Any CPU
		{B1731281-2433-4943-A507-E7E3F973B03A}.Release|ARM.ActiveCfg = Release|Any CPU
		{B1731281-2433-4943-A507-E7E3F973B03A}.Release|ARM.Build.0 = Release|Any CPU
		{B1731281-2433-4943-A507-E7E3F973B03A}.Release|x64.ActiveCfg = Release|Any CPU
		{B1731281-2433-4943-A507-E7E3F973B03A}.Release|x64.Build.0 = Release|Any CPU
		{B1731281-2433-4943-A507-E7E3F973B03A}.Release|x86.ActiveCfg = Release|Any CPU
		{B1731281-2433-4943-A507-E7E3F973B03A}.Release|x86.Build.0 = Release|Any CPU
		{189535E3-A82F-4F0B-BB17-D358AF64F8D8}.AppStore|Any CPU.ActiveCfg = Release|Any CPU
		{189535E3-A82F-4F0B-BB17-D358AF64F8D8}.AppStore|Any CPU.Build.0 = Release|Any CPU
		{189535E3-A82F-4F0B-BB17-D358AF64F8D8}.AppStore|ARM.ActiveCfg = Debug|Any CPU
		{189535E3-A82F-4F0B-BB17-D358AF64F8D8}.AppStore|ARM.Build.0 = Debug|Any CPU
		{189535E3-A82F-4F0B-BB17-D358AF64F8D8}.AppStore|x64.ActiveCfg = Debug|Any CPU
		{189535E3-A82F-4F0B-BB17-D358AF64F8D8}.AppStore|x64.Build.0 = Debug|Any CPU
		{189535E3-A82F-4F0B-BB17-D358AF64F8D8}.AppStore|x86.ActiveCfg = Debug|Any CPU
		{189535E3-A82F-4F0B-BB17-D358AF64F8D8}.AppStore|x86.Build.0 = Debug|Any CPU
		{189535E3-A82F-4F0B-BB17-D358AF64F8D8}.Debug|Any CPU.ActiveCfg = Debug|Any CPU
		{189535E3-A82F-4F0B-BB17-D358AF64F8D8}.Debug|Any CPU.Build.0 = Debug|Any CPU
		{189535E3-A82F-4F0B-BB17-D358AF64F8D8}.Debug|ARM.ActiveCfg = Debug|Any CPU
		{189535E3-A82F-4F0B-BB17-D358AF64F8D8}.Debug|ARM.Build.0 = Debug|Any CPU
		{189535E3-A82F-4F0B-BB17-D358AF64F8D8}.Debug|x64.ActiveCfg = Debug|Any CPU
		{189535E3-A82F-4F0B-BB17-D358AF64F8D8}.Debug|x64.Build.0 = Debug|Any CPU
		{189535E3-A82F-4F0B-BB17-D358AF64F8D8}.Debug|x86.ActiveCfg = Debug|Any CPU
		{189535E3-A82F-4F0B-BB17-D358AF64F8D8}.Debug|x86.Build.0 = Debug|Any CPU
		{189535E3-A82F-4F0B-BB17-D358AF64F8D8}.Release|Any CPU.ActiveCfg = Release|Any CPU
		{189535E3-A82F-4F0B-BB17-D358AF64F8D8}.Release|Any CPU.Build.0 = Release|Any CPU
		{189535E3-A82F-4F0B-BB17-D358AF64F8D8}.Release|ARM.ActiveCfg = Release|Any CPU
		{189535E3-A82F-4F0B-BB17-D358AF64F8D8}.Release|ARM.Build.0 = Release|Any CPU
		{189535E3-A82F-4F0B-BB17-D358AF64F8D8}.Release|x64.ActiveCfg = Release|Any CPU
		{189535E3-A82F-4F0B-BB17-D358AF64F8D8}.Release|x64.Build.0 = Release|Any CPU
		{189535E3-A82F-4F0B-BB17-D358AF64F8D8}.Release|x86.ActiveCfg = Release|Any CPU
		{189535E3-A82F-4F0B-BB17-D358AF64F8D8}.Release|x86.Build.0 = Release|Any CPU
		{0E705E69-4900-47DF-8228-AA60ED31BD11}.AppStore|Any CPU.ActiveCfg = Release|Any CPU
		{0E705E69-4900-47DF-8228-AA60ED31BD11}.AppStore|Any CPU.Build.0 = Release|Any CPU
		{0E705E69-4900-47DF-8228-AA60ED31BD11}.AppStore|ARM.ActiveCfg = Release|ARM
		{0E705E69-4900-47DF-8228-AA60ED31BD11}.AppStore|ARM.Build.0 = Release|ARM
		{0E705E69-4900-47DF-8228-AA60ED31BD11}.AppStore|x64.ActiveCfg = Release|x64
		{0E705E69-4900-47DF-8228-AA60ED31BD11}.AppStore|x64.Build.0 = Release|x64
		{0E705E69-4900-47DF-8228-AA60ED31BD11}.AppStore|x86.ActiveCfg = Release|x86
		{0E705E69-4900-47DF-8228-AA60ED31BD11}.AppStore|x86.Build.0 = Release|x86
		{0E705E69-4900-47DF-8228-AA60ED31BD11}.Debug|Any CPU.ActiveCfg = Debug|Any CPU
		{0E705E69-4900-47DF-8228-AA60ED31BD11}.Debug|Any CPU.Build.0 = Debug|Any CPU
		{0E705E69-4900-47DF-8228-AA60ED31BD11}.Debug|ARM.ActiveCfg = Debug|ARM
		{0E705E69-4900-47DF-8228-AA60ED31BD11}.Debug|ARM.Build.0 = Debug|ARM
		{0E705E69-4900-47DF-8228-AA60ED31BD11}.Debug|x64.ActiveCfg = Debug|x64
		{0E705E69-4900-47DF-8228-AA60ED31BD11}.Debug|x64.Build.0 = Debug|x64
		{0E705E69-4900-47DF-8228-AA60ED31BD11}.Debug|x86.ActiveCfg = Debug|x86
		{0E705E69-4900-47DF-8228-AA60ED31BD11}.Debug|x86.Build.0 = Debug|x86
		{0E705E69-4900-47DF-8228-AA60ED31BD11}.Release|Any CPU.ActiveCfg = Release|Any CPU
		{0E705E69-4900-47DF-8228-AA60ED31BD11}.Release|Any CPU.Build.0 = Release|Any CPU
		{0E705E69-4900-47DF-8228-AA60ED31BD11}.Release|ARM.ActiveCfg = Release|ARM
		{0E705E69-4900-47DF-8228-AA60ED31BD11}.Release|ARM.Build.0 = Release|ARM
		{0E705E69-4900-47DF-8228-AA60ED31BD11}.Release|x64.ActiveCfg = Release|x64
		{0E705E69-4900-47DF-8228-AA60ED31BD11}.Release|x64.Build.0 = Release|x64
		{0E705E69-4900-47DF-8228-AA60ED31BD11}.Release|x86.ActiveCfg = Release|x86
		{0E705E69-4900-47DF-8228-AA60ED31BD11}.Release|x86.Build.0 = Release|x86
	EndGlobalSection
	GlobalSection(SolutionProperties) = preSolution
		HideSolutionNode = FALSE
	EndGlobalSection
EndGlobal
